<?xml version="1.0" encoding="utf-8"?>
<Project ToolsVersion="4.0" xmlns="http://schemas.microsoft.com/developer/msbuild/2003">
  <ItemGroup>
    <Filter Include="Source Files">
      <UniqueIdentifier>{4FC737F1-C7A5-4376-A066-2A32D752A2FF}</UniqueIdentifier>
      <Extensions>cpp;c;cc;cxx;c++;cppm;ixx;def;odl;idl;hpj;bat;asm;asmx</Extensions>
    </Filter>
    <Filter Include="Header Files">
      <UniqueIdentifier>{93995380-89BD-4b04-88EB-625FBE52EBFB}</UniqueIdentifier>
      <Extensions>h;hh;hpp;hxx;h++;hm;inl;inc;ipp;xsd</Extensions>
    </Filter>
    <Filter Include="Resource Files">
      <UniqueIdentifier>{67DA6AB6-F800-4c08-8B7A-83BB121AAD01}</UniqueIdentifier>
      <Extensions>rc;ico;cur;bmp;dlg;rc2;rct;bin;rgs;gif;jpg;jpeg;jpe;resx;tiff;tif;png;wav;mfcribbon-ms</Extensions>
    </Filter>
  </ItemGroup>
  <ItemGroup>
    <ClCompile Include="root\main.cpp">
      <Filter>Source Files</Filter>
    </ClCompile>
    <ClCompile Include="root\src\glad.c">
      <Filter>Source Files</Filter>
    </ClCompile>
    <ClCompile Include="root\classes\misc\Shortcuts.cpp">
      <Filter>Source Files</Filter>
    </ClCompile>
    <ClCompile Include="root\classes\rendering\VAO.cpp">
      <Filter>Source Files</Filter>
    </ClCompile>
    <ClCompile Include="root\classes\rendering\VBO.cpp">
      <Filter>Source Files</Filter>
    </ClCompile>
    <ClCompile Include="root\classes\rendering\EBO.cpp">
      <Filter>Source Files</Filter>
    </ClCompile>
    <ClCompile Include="root\classes\rendering\Shader.cpp">
      <Filter>Source Files</Filter>
    </ClCompile>
    <ClCompile Include="root\src\stb.c">
      <Filter>Source Files</Filter>
    </ClCompile>
    <ClCompile Include="root\classes\rendering\Texture.cpp">
      <Filter>Source Files</Filter>
    </ClCompile>
    <ClCompile Include="root\classes\rendering\Camera.cpp">
      <Filter>Source Files</Filter>
    </ClCompile>
  </ItemGroup>
  <ItemGroup>
    <ClInclude Include="root\include\classes\misc\Shortcuts.h">
      <Filter>Header Files</Filter>
    </ClInclude>
    <ClInclude Include="root\include\classes\rendering\VAO.h">
      <Filter>Header Files</Filter>
    </ClInclude>
    <ClInclude Include="root\include\classes\rendering\VBO.h">
      <Filter>Header Files</Filter>
    </ClInclude>
    <ClInclude Include="root\include\classes\rendering\EBO.h">
      <Filter>Header Files</Filter>
    </ClInclude>
    <ClInclude Include="root\include\classes\rendering\Shader.h">
      <Filter>Header Files</Filter>
    </ClInclude>
    <ClInclude Include="root\include\classes\rendering\Texture.h">
      <Filter>Header Files</Filter>
    </ClInclude>
    <ClInclude Include="root\include\classes\rendering\Camera.h">
      <Filter>Header Files</Filter>
    </ClInclude>
  </ItemGroup>
  <ItemGroup>
    <None Include="root\shaders\basic\basic_vertex.glsl" />
    <None Include="root\shaders\basic\basic_fragment.glsl" />
    <None Include="root\shaders\lighting\point_vertex.glsl" />
    <None Include="root\shaders\lighting\point_fragment.glsl" />
  </ItemGroup>
  <ItemGroup>
    <Image Include="root\resources\textures\Got.png">
      <Filter>Resource Files</Filter>
    </Image>
    <Image Include="root\resources\textures\brick.tga" />
    <Image Include="root\resources\textures\brick_n.tga" />
    <Image Include="root\resources\textures\brick_s.tga" />
  </ItemGroup>
</Project>